
Microsoft Visual Studio Solution File, Format Version 12.00
# Visual Studio 15
Project("{FAE04EC0-301F-11D3-BF4B-00C04F79EFBC}") = "xq2d", "xq2d.csproj", "{897C3F81-A811-FF13-98B4-6A451F2EFB3E}"
EndProject
Project("{FAE04EC0-301F-11D3-BF4B-00C04F79EFBC}") = "Assembly-CSharp-Editor", "Assembly-CSharp-Editor.csproj", "{6B6FEDE7-BD01-E290-7810-90F412BF7C47}"
EndProject
Project("{FAE04EC0-301F-11D3-BF4B-00C04F79EFBC}") = "MyRoute", "MyRoute.csproj", "{53F109D3-89B1-C87B-256E-F8F986EFA6C6}"
EndProject
Project("{FAE04EC0-301F-11D3-BF4B-00C04F79EFBC}") = "Assembly-CSharp", "Assembly-CSharp.csproj", "{B6F11AD1-0CCA-58F0-A960-82ABAFC226B2}"
EndProject
Project("{FAE04EC0-301F-11D3-BF4B-00C04F79EFBC}") = "MyUtils", "MyUtils.csproj", "{1B347121-C6CD-E2B2-BC9C-5871B91696B6}"
EndProject
Global
	GlobalSection(SolutionConfigurationPlatforms) = preSolution
		Debug|Any CPU = Debug|Any CPU
		Release|Any CPU = Release|Any CPU
	EndGlobalSection
	GlobalSection(ProjectConfigurationPlatforms) = postSolution
		{897C3F81-A811-FF13-98B4-6A451F2EFB3E}.Debug|Any CPU.ActiveCfg = Debug|Any CPU
		{897C3F81-A811-FF13-98B4-6A451F2EFB3E}.Debug|Any CPU.Build.0 = Debug|Any CPU
		{897C3F81-A811-FF13-98B4-6A451F2EFB3E}.Release|Any CPU.ActiveCfg = Release|Any CPU
		{897C3F81-A811-FF13-98B4-6A451F2EFB3E}.Release|Any CPU.Build.0 = Release|Any CPU
		{6B6FEDE7-BD01-E290-7810-90F412BF7C47}.Debug|Any CPU.ActiveCfg = Debug|Any CPU
		{6B6FEDE7-BD01-E290-7810-90F412BF7C47}.Debug|Any CPU.Build.0 = Debug|Any CPU
		{6B6FEDE7-BD01-E290-7810-90F412BF7C47}.Release|Any CPU.ActiveCfg = Release|Any CPU
		{6B6FEDE7-BD01-E290-7810-90F412BF7C47}.Release|Any CPU.Build.0 = Release|Any CPU
		{53F109D3-89B1-C87B-256E-F8F986EFA6C6}.Debug|Any CPU.ActiveCfg = Debug|Any CPU
		{53F109D3-89B1-C87B-256E-F8F986EFA6C6}.Debug|Any CPU.Build.0 = Debug|Any CPU
		{53F109D3-89B1-C87B-256E-F8F986EFA6C6}.Release|Any CPU.ActiveCfg = Release|Any CPU
		{53F109D3-89B1-C87B-256E-F8F986EFA6C6}.Release|Any CPU.Build.0 = Release|Any CPU
		{B6F11AD1-0CCA-58F0-A960-82ABAFC226B2}.Debug|Any CPU.ActiveCfg = Debug|Any CPU
		{B6F11AD1-0CCA-58F0-A960-82ABAFC226B2}.Debug|Any CPU.Build.0 = Debug|Any CPU
		{B6F11AD1-0CCA-58F0-A960-82ABAFC226B2}.Release|Any CPU.ActiveCfg = Release|Any CPU
		{B6F11AD1-0CCA-58F0-A960-82ABAFC226B2}.Release|Any CPU.Build.0 = Release|Any CPU
		{1B347121-C6CD-E2B2-BC9C-5871B91696B6}.Debug|Any CPU.ActiveCfg = Debug|Any CPU
		{1B347121-C6CD-E2B2-BC9C-5871B91696B6}.Debug|Any CPU.Build.0 = Debug|Any CPU
		{1B347121-C6CD-E2B2-BC9C-5871B91696B6}.Release|Any CPU.ActiveCfg = Release|Any CPU
		{1B347121-C6CD-E2B2-BC9C-5871B91696B6}.Release|Any CPU.Build.0 = Release|Any CPU
	EndGlobalSection
	GlobalSection(SolutionProperties) = preSolution
		HideSolutionNode = FALSE
	EndGlobalSection
EndGlobal
